
Microsoft Visual Studio Solution File, Format Version 12.00
# Visual Studio 15
VisualStudioVersion = 15.0.26430.16
MinimumVisualStudioVersion = 10.0.40219.1
Project("{FAE04EC0-301F-11D3-BF4B-00C04F79EFBC}") = "ProBlog", "ProBlog\ProBlog.csproj", "{40382171-3804-4ECE-9646-1322209541C4}"
EndProject
Project("{FAE04EC0-301F-11D3-BF4B-00C04F79EFBC}") = "ProBlog.Core", "ProBlog.Core\ProBlog.Core.csproj", "{758A12A3-0A0E-4067-8684-491D6AE72321}"
EndProject
Project("{FAE04EC0-301F-11D3-BF4B-00C04F79EFBC}") = "ProBlog.Business", "ProBlog.Business\ProBlog.Business.csproj", "{B6751B0B-EBB7-46BA-A1ED-ED7C965C1902}"
EndProject
Global
	GlobalSection(SolutionConfigurationPlatforms) = preSolution
		Debug|Any CPU = Debug|Any CPU
		Release|Any CPU = Release|Any CPU
	EndGlobalSection
	GlobalSection(ProjectConfigurationPlatforms) = postSolution
		{40382171-3804-4ECE-9646-1322209541C4}.Debug|Any CPU.ActiveCfg = Debug|Any CPU
		{40382171-3804-4ECE-9646-1322209541C4}.Debug|Any CPU.Build.0 = Debug|Any CPU
		{40382171-3804-4ECE-9646-1322209541C4}.Release|Any CPU.ActiveCfg = Release|Any CPU
		{40382171-3804-4ECE-9646-1322209541C4}.Release|Any CPU.Build.0 = Release|Any CPU
		{758A12A3-0A0E-4067-8684-491D6AE72321}.Debug|Any CPU.ActiveCfg = Debug|Any CPU
		{758A12A3-0A0E-4067-8684-491D6AE72321}.Debug|Any CPU.Build.0 = Debug|Any CPU
		{758A12A3-0A0E-4067-8684-491D6AE72321}.Release|Any CPU.ActiveCfg = Release|Any CPU
		{758A12A3-0A0E-4067-8684-491D6AE72321}.Release|Any CPU.Build.0 = Release|Any CPU
		{B6751B0B-EBB7-46BA-A1ED-ED7C965C1902}.Debug|Any CPU.ActiveCfg = Debug|Any CPU
		{B6751B0B-EBB7-46BA-A1ED-ED7C965C1902}.Debug|Any CPU.Build.0 = Debug|Any CPU
		{B6751B0B-EBB7-46BA-A1ED-ED7C965C1902}.Release|Any CPU.ActiveCfg = Release|Any CPU
		{B6751B0B-EBB7-46BA-A1ED-ED7C965C1902}.Release|Any CPU.Build.0 = Release|Any CPU
	EndGlobalSection
	GlobalSection(SolutionProperties) = preSolution
		HideSolutionNode = FALSE
	EndGlobalSection
EndGlobal
